
Microsoft Visual Studio Solution File, Format Version 12.00
# Visual Studio Version 17
VisualStudioVersion = 17.14.36401.2 d17.14
MinimumVisualStudioVersion = 10.0.40219.1
Project("{FAE04EC0-301F-11D3-BF4B-00C04F79EFBC}") = "gym_management_system", "gym_management_system\gym_management_system.csproj", "{DB24FF24-059A-4EA8-BBF0-5E1DA8E4B5D1}"
EndProject
Global
	GlobalSection(SolutionConfigurationPlatforms) = preSolution
		Debug|Any CPU = Debug|Any CPU
		Release|Any CPU = Release|Any CPU
	EndGlobalSection
	GlobalSection(ProjectConfigurationPlatforms) = postSolution
		{DB24FF24-059A-4EA8-BBF0-5E1DA8E4B5D1}.Debug|Any CPU.ActiveCfg = Debug|Any CPU
		{DB24FF24-059A-4EA8-BBF0-5E1DA8E4B5D1}.Debug|Any CPU.Build.0 = Debug|Any CPU
		{DB24FF24-059A-4EA8-BBF0-5E1DA8E4B5D1}.Release|Any CPU.ActiveCfg = Release|Any CPU
		{DB24FF24-059A-4EA8-BBF0-5E1DA8E4B5D1}.Release|Any CPU.Build.0 = Release|Any CPU
	EndGlobalSection
	GlobalSection(SolutionProperties) = preSolution
		HideSolutionNode = FALSE
	EndGlobalSection
	GlobalSection(ExtensibilityGlobals) = postSolution
		SolutionGuid = {4739690A-0132-494D-A1EC-964A147263D3}
	EndGlobalSection
EndGlobal
